
Microsoft Visual Studio Solution File, Format Version 12.00
# Visual Studio Version 16
VisualStudioVersion = 16.0.29324.140
MinimumVisualStudioVersion = 10.0.40219.1
Project("{9A19103F-16F7-4668-BE54-9A1E7A4F7556}") = "PhotoVs.Engine", "PhotoVs.Engine\PhotoVs.Engine.csproj", "{0890CE27-29B9-4A08-A03F-E732BCE83231}"
EndProject
Project("{9A19103F-16F7-4668-BE54-9A1E7A4F7556}") = "PhotoVs.Logic", "PhotoVs.Logic\PhotoVs.Logic.csproj", "{F5725BB9-05A3-47A5-BA53-0E9E8161A5A9}"
EndProject
Project("{9A19103F-16F7-4668-BE54-9A1E7A4F7556}") = "PhotoVs.Utils", "PhotoVs.Utils\PhotoVs.Utils.csproj", "{6ED8DD11-C580-4427-B69B-B0E52697EEA6}"
EndProject
Project("{9A19103F-16F7-4668-BE54-9A1E7A4F7556}") = "PhotoVs.Platform.Desktop", "PhotoVs.Platform.Desktop\PhotoVs.Platform.Desktop.csproj", "{ED62AEAD-E710-4121-9D70-369C3CC34F78}"
EndProject
Project("{FAE04EC0-301F-11D3-BF4B-00C04F79EFBC}") = "PhotoVs.Platform.WindowsDX", "PhotoVs.Platform.WindowsDX\PhotoVs.Platform.WindowsDX.csproj", "{4016513E-0650-462D-8D2A-876CD56E8C4E}"
EndProject
Global
	GlobalSection(SolutionConfigurationPlatforms) = preSolution
		Debug|Any CPU = Debug|Any CPU
		Debug|ARM = Debug|ARM
		Debug|x64 = Debug|x64
		Debug|x86 = Debug|x86
		Release|Any CPU = Release|Any CPU
		Release|ARM = Release|ARM
		Release|x64 = Release|x64
		Release|x86 = Release|x86
	EndGlobalSection
	GlobalSection(ProjectConfigurationPlatforms) = postSolution
		{0890CE27-29B9-4A08-A03F-E732BCE83231}.Debug|Any CPU.ActiveCfg = Debug|Any CPU
		{0890CE27-29B9-4A08-A03F-E732BCE83231}.Debug|Any CPU.Build.0 = Debug|Any CPU
		{0890CE27-29B9-4A08-A03F-E732BCE83231}.Debug|ARM.ActiveCfg = Debug|Any CPU
		{0890CE27-29B9-4A08-A03F-E732BCE83231}.Debug|ARM.Build.0 = Debug|Any CPU
		{0890CE27-29B9-4A08-A03F-E732BCE83231}.Debug|x64.ActiveCfg = Debug|Any CPU
		{0890CE27-29B9-4A08-A03F-E732BCE83231}.Debug|x64.Build.0 = Debug|Any CPU
		{0890CE27-29B9-4A08-A03F-E732BCE83231}.Debug|x86.ActiveCfg = Debug|Any CPU
		{0890CE27-29B9-4A08-A03F-E732BCE83231}.Debug|x86.Build.0 = Debug|Any CPU
		{0890CE27-29B9-4A08-A03F-E732BCE83231}.Release|Any CPU.ActiveCfg = Release|Any CPU
		{0890CE27-29B9-4A08-A03F-E732BCE83231}.Release|Any CPU.Build.0 = Release|Any CPU
		{0890CE27-29B9-4A08-A03F-E732BCE83231}.Release|ARM.ActiveCfg = Release|Any CPU
		{0890CE27-29B9-4A08-A03F-E732BCE83231}.Release|ARM.Build.0 = Release|Any CPU
		{0890CE27-29B9-4A08-A03F-E732BCE83231}.Release|x64.ActiveCfg = Release|Any CPU
		{0890CE27-29B9-4A08-A03F-E732BCE83231}.Release|x64.Build.0 = Release|Any CPU
		{0890CE27-29B9-4A08-A03F-E732BCE83231}.Release|x86.ActiveCfg = Release|Any CPU
		{0890CE27-29B9-4A08-A03F-E732BCE83231}.Release|x86.Build.0 = Release|Any CPU
		{F5725BB9-05A3-47A5-BA53-0E9E8161A5A9}.Debug|Any CPU.ActiveCfg = Debug|Any CPU
		{F5725BB9-05A3-47A5-BA53-0E9E8161A5A9}.Debug|Any CPU.Build.0 = Debug|Any CPU
		{F5725BB9-05A3-47A5-BA53-0E9E8161A5A9}.Debug|ARM.ActiveCfg = Debug|Any CPU
		{F5725BB9-05A3-47A5-BA53-0E9E8161A5A9}.Debug|ARM.Build.0 = Debug|Any CPU
		{F5725BB9-05A3-47A5-BA53-0E9E8161A5A9}.Debug|x64.ActiveCfg = Debug|Any CPU
		{F5725BB9-05A3-47A5-BA53-0E9E8161A5A9}.Debug|x64.Build.0 = Debug|Any CPU
		{F5725BB9-05A3-47A5-BA53-0E9E8161A5A9}.Debug|x86.ActiveCfg = Debug|Any CPU
		{F5725BB9-05A3-47A5-BA53-0E9E8161A5A9}.Debug|x86.Build.0 = Debug|Any CPU
		{F5725BB9-05A3-47A5-BA53-0E9E8161A5A9}.Release|Any CPU.ActiveCfg = Release|Any CPU
		{F5725BB9-05A3-47A5-BA53-0E9E8161A5A9}.Release|Any CPU.Build.0 = Release|Any CPU
		{F5725BB9-05A3-47A5-BA53-0E9E8161A5A9}.Release|ARM.ActiveCfg = Release|Any CPU
		{F5725BB9-05A3-47A5-BA53-0E9E8161A5A9}.Release|ARM.Build.0 = Release|Any CPU
		{F5725BB9-05A3-47A5-BA53-0E9E8161A5A9}.Release|x64.ActiveCfg = Release|Any CPU
		{F5725BB9-05A3-47A5-BA53-0E9E8161A5A9}.Release|x64.Build.0 = Release|Any CPU
		{F5725BB9-05A3-47A5-BA53-0E9E8161A5A9}.Release|x86.ActiveCfg = Release|Any CPU
		{F5725BB9-05A3-47A5-BA53-0E9E8161A5A9}.Release|x86.Build.0 = Release|Any CPU
		{6ED8DD11-C580-4427-B69B-B0E52697EEA6}.Debug|Any CPU.ActiveCfg = Debug|Any CPU
		{6ED8DD11-C580-4427-B69B-B0E52697EEA6}.Debug|Any CPU.Build.0 = Debug|Any CPU
		{6ED8DD11-C580-4427-B69B-B0E52697EEA6}.Debug|ARM.ActiveCfg = Debug|Any CPU
		{6ED8DD11-C580-4427-B69B-B0E52697EEA6}.Debug|ARM.Build.0 = Debug|Any CPU
		{6ED8DD11-C580-4427-B69B-B0E52697EEA6}.Debug|x64.ActiveCfg = Debug|Any CPU
		{6ED8DD11-C580-4427-B69B-B0E52697EEA6}.Debug|x64.Build.0 = Debug|Any CPU
		{6ED8DD11-C580-4427-B69B-B0E52697EEA6}.Debug|x86.ActiveCfg = Debug|Any CPU
		{6ED8DD11-C580-4427-B69B-B0E52697EEA6}.Debug|x86.Build.0 = Debug|Any CPU
		{6ED8DD11-C580-4427-B69B-B0E52697EEA6}.Release|Any CPU.ActiveCfg = Release|Any CPU
		{6ED8DD11-C580-4427-B69B-B0E52697EEA6}.Release|Any CPU.Build.0 = Release|Any CPU
		{6ED8DD11-C580-4427-B69B-B0E52697EEA6}.Release|ARM.ActiveCfg = Release|Any CPU
		{6ED8DD11-C580-4427-B69B-B0E52697EEA6}.Release|ARM.Build.0 = Release|Any CPU
		{6ED8DD11-C580-4427-B69B-B0E52697EEA6}.Release|x64.ActiveCfg = Release|Any CPU
		{6ED8DD11-C580-4427-B69B-B0E52697EEA6}.Release|x64.Build.0 = Release|Any CPU
		{6ED8DD11-C580-4427-B69B-B0E52697EEA6}.Release|x86.ActiveCfg = Release|Any CPU
		{6ED8DD11-C580-4427-B69B-B0E52697EEA6}.Release|x86.Build.0 = Release|Any CPU
		{ED62AEAD-E710-4121-9D70-369C3CC34F78}.Debug|Any CPU.ActiveCfg = Debug|Any CPU
		{ED62AEAD-E710-4121-9D70-369C3CC34F78}.Debug|Any CPU.Build.0 = Debug|Any CPU
		{ED62AEAD-E710-4121-9D70-369C3CC34F78}.Debug|ARM.ActiveCfg = Debug|Any CPU
		{ED62AEAD-E710-4121-9D70-369C3CC34F78}.Debug|ARM.Build.0 = Debug|Any CPU
		{ED62AEAD-E710-4121-9D70-369C3CC34F78}.Debug|x64.ActiveCfg = Debug|Any CPU
		{ED62AEAD-E710-4121-9D70-369C3CC34F78}.Debug|x64.Build.0 = Debug|Any CPU
		{ED62AEAD-E710-4121-9D70-369C3CC34F78}.Debug|x86.ActiveCfg = Debug|Any CPU
		{ED62AEAD-E710-4121-9D70-369C3CC34F78}.Debug|x86.Build.0 = Debug|Any CPU
		{ED62AEAD-E710-4121-9D70-369C3CC34F78}.Release|Any CPU.ActiveCfg = Release|Any CPU
		{ED62AEAD-E710-4121-9D70-369C3CC34F78}.Release|Any CPU.Build.0 = Release|Any CPU
		{ED62AEAD-E710-4121-9D70-369C3CC34F78}.Release|ARM.ActiveCfg = Release|Any CPU
		{ED62AEAD-E710-4121-9D70-369C3CC34F78}.Release|ARM.Build.0 = Release|Any CPU
		{ED62AEAD-E710-4121-9D70-369C3CC34F78}.Release|x64.ActiveCfg = Release|Any CPU
		{ED62AEAD-E710-4121-9D70-369C3CC34F78}.Release|x64.Build.0 = Release|Any CPU
		{ED62AEAD-E710-4121-9D70-369C3CC34F78}.Release|x86.ActiveCfg = Release|Any CPU
		{ED62AEAD-E710-4121-9D70-369C3CC34F78}.Release|x86.Build.0 = Release|Any CPU
		{4016513E-0650-462D-8D2A-876CD56E8C4E}.Debug|Any CPU.ActiveCfg = Debug|x86
		{4016513E-0650-462D-8D2A-876CD56E8C4E}.Debug|Any CPU.Build.0 = Debug|x86
		{4016513E-0650-462D-8D2A-876CD56E8C4E}.Debug|ARM.ActiveCfg = Debug|x86
		{4016513E-0650-462D-8D2A-876CD56E8C4E}.Debug|x64.ActiveCfg = Debug|x86
		{4016513E-0650-462D-8D2A-876CD56E8C4E}.Debug|x86.ActiveCfg = Debug|x86
		{4016513E-0650-462D-8D2A-876CD56E8C4E}.Debug|x86.Build.0 = Debug|x86
		{4016513E-0650-462D-8D2A-876CD56E8C4E}.Release|Any CPU.ActiveCfg = Release|x86
		{4016513E-0650-462D-8D2A-876CD56E8C4E}.Release|ARM.ActiveCfg = Release|x86
		{4016513E-0650-462D-8D2A-876CD56E8C4E}.Release|x64.ActiveCfg = Release|x86
		{4016513E-0650-462D-8D2A-876CD56E8C4E}.Release|x86.ActiveCfg = Release|x86
		{4016513E-0650-462D-8D2A-876CD56E8C4E}.Release|x86.Build.0 = Release|x86
	EndGlobalSection
	GlobalSection(SolutionProperties) = preSolution
		HideSolutionNode = FALSE
	EndGlobalSection
	GlobalSection(ExtensibilityGlobals) = postSolution
		SolutionGuid = {DE26DB8A-3B9E-454F-A1AB-ED48ACA2E61B}
	EndGlobalSection
EndGlobal
